{
    "_meta": {
        "hash": {
            "sha256": "0592a3062366e04a6633273e90ed4c6d9af1766bb716d51f6606b1b1d8c00b58"
        },
        "pipfile-spec": 6,
        "requires": {
            "python_version": "3.9"
        },
        "sources": [
            {
                "name": "pypi",
                "url": "https://pypi.org/simple",
                "verify_ssl": true
            }
        ]
    },
    "default": {
        "asgiref": {
            "hashes": [
                "sha256:1d2880b792ae8757289136f1db2b7b99100ce959b2aa57fd69dab783d05afac4",
                "sha256:4a29362a6acebe09bf1d6640db38c1dc3d9217c68e6f9f6204d72667fc19a424"
            ],
            "markers": "python_version >= '3.7'",
            "version": "==3.5.2"
        },
        "django": {
            "hashes": [
                "sha256:502ae42b6ab1b612c933fb50d5ff850facf858a4c212f76946ecd8ea5b3bf2d9",
                "sha256:f7431a5de7277966f3785557c3928433347d998c1e6459324501378a291e5aab"
            ],
            "index": "pypi",
            "version": "==4.0.5"
        },
        "django-dotenv": {
            "hashes": [
                "sha256:3812bb0f4876cf31f902aad140f0645e120e51ee30eb7c40c22050f58a0e4adb",
                "sha256:a9b1b40a70bd321acd231926acedb9bd2c5e873e33a1873b34a7276d196a765e"
            ],
            "index": "pypi",
            "version": "==1.4.2"
        },
        "sqlparse": {
            "hashes": [
                "sha256:0c00730c74263a94e5a9919ade150dfc3b19c574389985446148402998287dae",
                "sha256:48719e356bb8b42991bdbb1e8b83223757b93789c00910a616a071910ca4a64d"
            ],
            "markers": "python_version >= '3.5'",
            "version": "==0.4.2"
        }
    },
    "develop": {}
}
